{
  "name": "@core/core-1",
  "version": "0.0.1",
  "lockfileVersion": 1,
  "requires": true,
  "dependencies": {
    "@cloud-helper/file-helper": {
      "version": "git+https://github.com/lnthieu/cloud-helper.git#850a482ce8c7d3d9dd8318666c6165382a612c1c",
      "from": "git+https://github.com/lnthieu/cloud-helper.git#file-helper"
    },
    "typescript": {
      "version": "4.5.5",
      "resolved": "https://registry.npmjs.org/typescript/-/typescript-4.5.5.tgz",
      "integrity": "sha512-TCTIul70LyWe6IJWT8QSYeA54WQe8EjQFU4wY52Fasj5UKx88LNYKCgBEHcOMOrFF1rKGbD8v/xcNWVUq9SymA==",
      "dev": true
    }
  }
}
